
Microsoft Visual Studio Solution File, Format Version 12.00
# Visual Studio Version 17
VisualStudioVersion = 17.12.35527.113
MinimumVisualStudioVersion = 10.0.40219.1
Project("{FAE04EC0-301F-11D3-BF4B-00C04F79EFBC}") = "Patterns_2_StructuralP", "Study_2\Patterns_2_StructuralP.csproj", "{4F72EE68-4D4F-43F6-B625-C21190819A65}"
EndProject
Project("{FAE04EC0-301F-11D3-BF4B-00C04F79EFBC}") = "Patterns_1_GenerativeP", "Patterns_1\Patterns_1_GenerativeP.csproj", "{7F58AB86-3EFC-4624-B52B-69FBD83C92E7}"
EndProject
Project("{FAE04EC0-301F-11D3-BF4B-00C04F79EFBC}") = "Patterns_3_BehavioralP", "Patterns_3_BehavioralP\Patterns_3_BehavioralP.csproj", "{2FF523E9-CB58-4538-ACCF-5F777CD56CB3}"
EndProject
Project("{FAE04EC0-301F-11D3-BF4B-00C04F79EFBC}") = "SOLID", "SOLID\SOLID.csproj", "{A96ED979-FE0A-4F9A-8973-DE6C3542CE36}"
EndProject
Project("{FAE04EC0-301F-11D3-BF4B-00C04F79EFBC}") = "SOLIDFinalTask", "SOLIDTask\SOLIDFinalTask.csproj", "{8481075D-CE25-4FB7-92C3-1F9EF4A3F8F1}"
EndProject
Project("{FAE04EC0-301F-11D3-BF4B-00C04F79EFBC}") = "Patterns_4_GenerativeP", "Patterns_4_GenerativeP\Patterns_4_GenerativeP.csproj", "{C26D44F7-718C-4F90-A37C-4D5505AB644D}"
EndProject
Global
	GlobalSection(SolutionConfigurationPlatforms) = preSolution
		Debug|Any CPU = Debug|Any CPU
		Release|Any CPU = Release|Any CPU
	EndGlobalSection
	GlobalSection(ProjectConfigurationPlatforms) = postSolution
		{4F72EE68-4D4F-43F6-B625-C21190819A65}.Debug|Any CPU.ActiveCfg = Debug|Any CPU
		{4F72EE68-4D4F-43F6-B625-C21190819A65}.Debug|Any CPU.Build.0 = Debug|Any CPU
		{4F72EE68-4D4F-43F6-B625-C21190819A65}.Release|Any CPU.ActiveCfg = Release|Any CPU
		{4F72EE68-4D4F-43F6-B625-C21190819A65}.Release|Any CPU.Build.0 = Release|Any CPU
		{7F58AB86-3EFC-4624-B52B-69FBD83C92E7}.Debug|Any CPU.ActiveCfg = Debug|Any CPU
		{7F58AB86-3EFC-4624-B52B-69FBD83C92E7}.Debug|Any CPU.Build.0 = Debug|Any CPU
		{7F58AB86-3EFC-4624-B52B-69FBD83C92E7}.Release|Any CPU.ActiveCfg = Release|Any CPU
		{7F58AB86-3EFC-4624-B52B-69FBD83C92E7}.Release|Any CPU.Build.0 = Release|Any CPU
		{2FF523E9-CB58-4538-ACCF-5F777CD56CB3}.Debug|Any CPU.ActiveCfg = Debug|Any CPU
		{2FF523E9-CB58-4538-ACCF-5F777CD56CB3}.Debug|Any CPU.Build.0 = Debug|Any CPU
		{2FF523E9-CB58-4538-ACCF-5F777CD56CB3}.Release|Any CPU.ActiveCfg = Release|Any CPU
		{2FF523E9-CB58-4538-ACCF-5F777CD56CB3}.Release|Any CPU.Build.0 = Release|Any CPU
		{A96ED979-FE0A-4F9A-8973-DE6C3542CE36}.Debug|Any CPU.ActiveCfg = Debug|Any CPU
		{A96ED979-FE0A-4F9A-8973-DE6C3542CE36}.Debug|Any CPU.Build.0 = Debug|Any CPU
		{A96ED979-FE0A-4F9A-8973-DE6C3542CE36}.Release|Any CPU.ActiveCfg = Release|Any CPU
		{A96ED979-FE0A-4F9A-8973-DE6C3542CE36}.Release|Any CPU.Build.0 = Release|Any CPU
		{8481075D-CE25-4FB7-92C3-1F9EF4A3F8F1}.Debug|Any CPU.ActiveCfg = Debug|Any CPU
		{8481075D-CE25-4FB7-92C3-1F9EF4A3F8F1}.Debug|Any CPU.Build.0 = Debug|Any CPU
		{8481075D-CE25-4FB7-92C3-1F9EF4A3F8F1}.Release|Any CPU.ActiveCfg = Release|Any CPU
		{8481075D-CE25-4FB7-92C3-1F9EF4A3F8F1}.Release|Any CPU.Build.0 = Release|Any CPU
		{C26D44F7-718C-4F90-A37C-4D5505AB644D}.Debug|Any CPU.ActiveCfg = Debug|Any CPU
		{C26D44F7-718C-4F90-A37C-4D5505AB644D}.Debug|Any CPU.Build.0 = Debug|Any CPU
		{C26D44F7-718C-4F90-A37C-4D5505AB644D}.Release|Any CPU.ActiveCfg = Release|Any CPU
		{C26D44F7-718C-4F90-A37C-4D5505AB644D}.Release|Any CPU.Build.0 = Release|Any CPU
	EndGlobalSection
	GlobalSection(SolutionProperties) = preSolution
		HideSolutionNode = FALSE
	EndGlobalSection
	GlobalSection(ExtensibilityGlobals) = postSolution
		SolutionGuid = {B34DA1EC-C792-4E9E-A57C-6D8F6D95A72D}
	EndGlobalSection
EndGlobal
