
Microsoft Visual Studio Solution File, Format Version 12.00
# Visual Studio Version 17
VisualStudioVersion = 17.12.35527.113
MinimumVisualStudioVersion = 10.0.40219.1
Project("{FAE04EC0-301F-11D3-BF4B-00C04F79EFBC}") = "Patterns_2_StructuralP", "Study_2\Patterns_2_StructuralP.csproj", "{4F72EE68-4D4F-43F6-B625-C21190819A65}"
EndProject
Project("{FAE04EC0-301F-11D3-BF4B-00C04F79EFBC}") = "Patterns_1_GenerativeP", "Patterns_1\Patterns_1_GenerativeP.csproj", "{7F58AB86-3EFC-4624-B52B-69FBD83C92E7}"
EndProject
Project("{FAE04EC0-301F-11D3-BF4B-00C04F79EFBC}") = "Patterns_3_BehavioralP", "Patterns_3_BehavioralP\Patterns_3_BehavioralP.csproj", "{2FF523E9-CB58-4538-ACCF-5F777CD56CB3}"
EndProject
Project("{FAE04EC0-301F-11D3-BF4B-00C04F79EFBC}") = "SOLID", "SOLID\SOLID.csproj", "{A96ED979-FE0A-4F9A-8973-DE6C3542CE36}"
EndProject
Project("{FAE04EC0-301F-11D3-BF4B-00C04F79EFBC}") = "SOLIDFinalTask", "SOLIDTask\SOLIDFinalTask.csproj", "{8481075D-CE25-4FB7-92C3-1F9EF4A3F8F1}"
EndProject
Project("{FAE04EC0-301F-11D3-BF4B-00C04F79EFBC}") = "Patterns_4_GenerativeP", "Patterns_4_GenerativeP\Patterns_4_GenerativeP.csproj", "{C26D44F7-718C-4F90-A37C-4D5505AB644D}"
EndProject
Project("{FAE04EC0-301F-11D3-BF4B-00C04F79EFBC}") = "Patterns_5_BehavioralP", "Patterns_5_BehavioralP\Patterns_5_BehavioralP.csproj", "{289009DD-C298-45F7-89A9-6C8B6F75C2D2}"
EndProject
Project("{FAE04EC0-301F-11D3-BF4B-00C04F79EFBC}") = "AntiPatterns", "AntiPatterns\AntiPatterns.csproj", "{903726D1-8019-484A-9C06-3DCC70E1B338}"
EndProject
Project("{2150E333-8FDC-42A3-9474-1A3956D46DE8}") = "Элементы решения", "Элементы решения", "{955BD899-DA08-43CA-BCF6-3ED19F32237C}"
	ProjectSection(SolutionItems) = preProject
		..\..\..\..\Desktop\Конспект_СDEV_Шаблоны_и_паттерны.pdf = ..\..\..\..\Desktop\Конспект_СDEV_Шаблоны_и_паттерны.pdf
	EndProjectSection
EndProject
Project("{FAE04EC0-301F-11D3-BF4B-00C04F79EFBC}") = "Architecture", "Architecture\Architecture.csproj", "{FF6E1077-A2A4-4415-A515-CE2B3425EB92}"
EndProject
Project("{2150E333-8FDC-42A3-9474-1A3956D46DE8}") = "NLevelArchi", "NLevelArchi", "{56E914FF-8024-4601-9CB5-E609D6DBC759}"
EndProject
Project("{FAE04EC0-301F-11D3-BF4B-00C04F79EFBC}") = "NLevelArchi", "NLevelArchi\NLevelArchi.csproj", "{3A1C4A34-1236-49D2-ACA8-02F7CC26F812}"
EndProject
Project("{FAE04EC0-301F-11D3-BF4B-00C04F79EFBC}") = "DataFinder.PLL", "DataFinder.PLL\DataFinder.PLL.csproj", "{A8B7F058-055F-46FD-A544-DE90733B4DB2}"
EndProject
Project("{FAE04EC0-301F-11D3-BF4B-00C04F79EFBC}") = "DataFinder.BLL", "DataFinder.BLL\DataFinder.BLL.csproj", "{771EBB6A-E78B-4D89-AED6-84514924D2CF}"
EndProject
Project("{FAE04EC0-301F-11D3-BF4B-00C04F79EFBC}") = "DataFinder.DAL", "DataFinder.DAL\DataFinder.DAL.csproj", "{C89CFAF9-B96E-44DD-91AD-FA025AB93DBC}"
EndProject
Global
	GlobalSection(SolutionConfigurationPlatforms) = preSolution
		Debug|Any CPU = Debug|Any CPU
		Release|Any CPU = Release|Any CPU
	EndGlobalSection
	GlobalSection(ProjectConfigurationPlatforms) = postSolution
		{4F72EE68-4D4F-43F6-B625-C21190819A65}.Debug|Any CPU.ActiveCfg = Debug|Any CPU
		{4F72EE68-4D4F-43F6-B625-C21190819A65}.Debug|Any CPU.Build.0 = Debug|Any CPU
		{4F72EE68-4D4F-43F6-B625-C21190819A65}.Release|Any CPU.ActiveCfg = Release|Any CPU
		{4F72EE68-4D4F-43F6-B625-C21190819A65}.Release|Any CPU.Build.0 = Release|Any CPU
		{7F58AB86-3EFC-4624-B52B-69FBD83C92E7}.Debug|Any CPU.ActiveCfg = Debug|Any CPU
		{7F58AB86-3EFC-4624-B52B-69FBD83C92E7}.Debug|Any CPU.Build.0 = Debug|Any CPU
		{7F58AB86-3EFC-4624-B52B-69FBD83C92E7}.Release|Any CPU.ActiveCfg = Release|Any CPU
		{7F58AB86-3EFC-4624-B52B-69FBD83C92E7}.Release|Any CPU.Build.0 = Release|Any CPU
		{2FF523E9-CB58-4538-ACCF-5F777CD56CB3}.Debug|Any CPU.ActiveCfg = Debug|Any CPU
		{2FF523E9-CB58-4538-ACCF-5F777CD56CB3}.Debug|Any CPU.Build.0 = Debug|Any CPU
		{2FF523E9-CB58-4538-ACCF-5F777CD56CB3}.Release|Any CPU.ActiveCfg = Release|Any CPU
		{2FF523E9-CB58-4538-ACCF-5F777CD56CB3}.Release|Any CPU.Build.0 = Release|Any CPU
		{A96ED979-FE0A-4F9A-8973-DE6C3542CE36}.Debug|Any CPU.ActiveCfg = Debug|Any CPU
		{A96ED979-FE0A-4F9A-8973-DE6C3542CE36}.Debug|Any CPU.Build.0 = Debug|Any CPU
		{A96ED979-FE0A-4F9A-8973-DE6C3542CE36}.Release|Any CPU.ActiveCfg = Release|Any CPU
		{A96ED979-FE0A-4F9A-8973-DE6C3542CE36}.Release|Any CPU.Build.0 = Release|Any CPU
		{8481075D-CE25-4FB7-92C3-1F9EF4A3F8F1}.Debug|Any CPU.ActiveCfg = Debug|Any CPU
		{8481075D-CE25-4FB7-92C3-1F9EF4A3F8F1}.Debug|Any CPU.Build.0 = Debug|Any CPU
		{8481075D-CE25-4FB7-92C3-1F9EF4A3F8F1}.Release|Any CPU.ActiveCfg = Release|Any CPU
		{8481075D-CE25-4FB7-92C3-1F9EF4A3F8F1}.Release|Any CPU.Build.0 = Release|Any CPU
		{C26D44F7-718C-4F90-A37C-4D5505AB644D}.Debug|Any CPU.ActiveCfg = Debug|Any CPU
		{C26D44F7-718C-4F90-A37C-4D5505AB644D}.Debug|Any CPU.Build.0 = Debug|Any CPU
		{C26D44F7-718C-4F90-A37C-4D5505AB644D}.Release|Any CPU.ActiveCfg = Release|Any CPU
		{C26D44F7-718C-4F90-A37C-4D5505AB644D}.Release|Any CPU.Build.0 = Release|Any CPU
		{289009DD-C298-45F7-89A9-6C8B6F75C2D2}.Debug|Any CPU.ActiveCfg = Debug|Any CPU
		{289009DD-C298-45F7-89A9-6C8B6F75C2D2}.Debug|Any CPU.Build.0 = Debug|Any CPU
		{289009DD-C298-45F7-89A9-6C8B6F75C2D2}.Release|Any CPU.ActiveCfg = Release|Any CPU
		{289009DD-C298-45F7-89A9-6C8B6F75C2D2}.Release|Any CPU.Build.0 = Release|Any CPU
		{903726D1-8019-484A-9C06-3DCC70E1B338}.Debug|Any CPU.ActiveCfg = Debug|Any CPU
		{903726D1-8019-484A-9C06-3DCC70E1B338}.Debug|Any CPU.Build.0 = Debug|Any CPU
		{903726D1-8019-484A-9C06-3DCC70E1B338}.Release|Any CPU.ActiveCfg = Release|Any CPU
		{903726D1-8019-484A-9C06-3DCC70E1B338}.Release|Any CPU.Build.0 = Release|Any CPU
		{FF6E1077-A2A4-4415-A515-CE2B3425EB92}.Debug|Any CPU.ActiveCfg = Debug|Any CPU
		{FF6E1077-A2A4-4415-A515-CE2B3425EB92}.Debug|Any CPU.Build.0 = Debug|Any CPU
		{FF6E1077-A2A4-4415-A515-CE2B3425EB92}.Release|Any CPU.ActiveCfg = Release|Any CPU
		{FF6E1077-A2A4-4415-A515-CE2B3425EB92}.Release|Any CPU.Build.0 = Release|Any CPU
		{3A1C4A34-1236-49D2-ACA8-02F7CC26F812}.Debug|Any CPU.ActiveCfg = Debug|Any CPU
		{3A1C4A34-1236-49D2-ACA8-02F7CC26F812}.Debug|Any CPU.Build.0 = Debug|Any CPU
		{3A1C4A34-1236-49D2-ACA8-02F7CC26F812}.Release|Any CPU.ActiveCfg = Release|Any CPU
		{3A1C4A34-1236-49D2-ACA8-02F7CC26F812}.Release|Any CPU.Build.0 = Release|Any CPU
		{A8B7F058-055F-46FD-A544-DE90733B4DB2}.Debug|Any CPU.ActiveCfg = Debug|Any CPU
		{A8B7F058-055F-46FD-A544-DE90733B4DB2}.Debug|Any CPU.Build.0 = Debug|Any CPU
		{A8B7F058-055F-46FD-A544-DE90733B4DB2}.Release|Any CPU.ActiveCfg = Release|Any CPU
		{A8B7F058-055F-46FD-A544-DE90733B4DB2}.Release|Any CPU.Build.0 = Release|Any CPU
		{771EBB6A-E78B-4D89-AED6-84514924D2CF}.Debug|Any CPU.ActiveCfg = Debug|Any CPU
		{771EBB6A-E78B-4D89-AED6-84514924D2CF}.Debug|Any CPU.Build.0 = Debug|Any CPU
		{771EBB6A-E78B-4D89-AED6-84514924D2CF}.Release|Any CPU.ActiveCfg = Release|Any CPU
		{771EBB6A-E78B-4D89-AED6-84514924D2CF}.Release|Any CPU.Build.0 = Release|Any CPU
		{C89CFAF9-B96E-44DD-91AD-FA025AB93DBC}.Debug|Any CPU.ActiveCfg = Debug|Any CPU
		{C89CFAF9-B96E-44DD-91AD-FA025AB93DBC}.Debug|Any CPU.Build.0 = Debug|Any CPU
		{C89CFAF9-B96E-44DD-91AD-FA025AB93DBC}.Release|Any CPU.ActiveCfg = Release|Any CPU
		{C89CFAF9-B96E-44DD-91AD-FA025AB93DBC}.Release|Any CPU.Build.0 = Release|Any CPU
	EndGlobalSection
	GlobalSection(SolutionProperties) = preSolution
		HideSolutionNode = FALSE
	EndGlobalSection
	GlobalSection(NestedProjects) = preSolution
		{3A1C4A34-1236-49D2-ACA8-02F7CC26F812} = {56E914FF-8024-4601-9CB5-E609D6DBC759}
		{A8B7F058-055F-46FD-A544-DE90733B4DB2} = {56E914FF-8024-4601-9CB5-E609D6DBC759}
		{771EBB6A-E78B-4D89-AED6-84514924D2CF} = {56E914FF-8024-4601-9CB5-E609D6DBC759}
		{C89CFAF9-B96E-44DD-91AD-FA025AB93DBC} = {56E914FF-8024-4601-9CB5-E609D6DBC759}
	EndGlobalSection
	GlobalSection(ExtensibilityGlobals) = postSolution
		SolutionGuid = {B34DA1EC-C792-4E9E-A57C-6D8F6D95A72D}
	EndGlobalSection
EndGlobal
